<?xml version="1.0" encoding="utf-8"?>
<Project ToolsVersion="4.0" xmlns="http://schemas.microsoft.com/developer/msbuild/2003">
  <ItemGroup>
    <Filter Include="win32">
      <UniqueIdentifier>{84a8ebd7-7cf0-47f6-b75e-d441df67da40}</UniqueIdentifier>
    </Filter>
    <Filter Include="Classes">
      <UniqueIdentifier>{bb6c862e-70e9-49d9-81b7-3829a6f50471}</UniqueIdentifier>
    </Filter>
    <Filter Include="Classes\common">
      <UniqueIdentifier>{fecd2dcf-ae27-4f79-80ca-f4da1081d1af}</UniqueIdentifier>
    </Filter>
    <Filter Include="Classes\base">
      <UniqueIdentifier>{fcbbf3fc-bd57-4791-b538-34ec392ab77c}</UniqueIdentifier>
    </Filter>
    <Filter Include="Classes\components">
      <UniqueIdentifier>{a10af97a-ab15-4a5c-8b11-c02577745f33}</UniqueIdentifier>
    </Filter>
  </ItemGroup>
  <ItemGroup>
    <ClCompile Include="main.cpp">
      <Filter>win32</Filter>
    </ClCompile>
    <ClCompile Include="..\Classes\AppDelegate.cpp">
      <Filter>Classes</Filter>
    </ClCompile>
    <ClCompile Include="..\Classes\GameMain.cpp">
      <Filter>Classes</Filter>
    </ClCompile>
    <ClCompile Include="..\Classes\base\BaseScene.cpp">
      <Filter>Classes\base</Filter>
    </ClCompile>
    <ClCompile Include="..\Classes\common\VisibleRect.cpp">
      <Filter>Classes\common</Filter>
    </ClCompile>
    <ClCompile Include="..\Classes\base\PPSprite.cpp">
      <Filter>Classes\base</Filter>
    </ClCompile>
    <ClCompile Include="..\Classes\components\Hero.cpp">
      <Filter>Classes\components</Filter>
    </ClCompile>
    <ClCompile Include="..\Classes\components\Bullet.cpp">
      <Filter>Classes\components</Filter>
    </ClCompile>
  </ItemGroup>
  <ItemGroup>
    <ClInclude Include="main.h">
      <Filter>win32</Filter>
    </ClInclude>
    <ClInclude Include="..\Classes\AppDelegate.h">
      <Filter>Classes</Filter>
    </ClInclude>
    <ClInclude Include="..\Classes\GameMain.h">
      <Filter>Classes</Filter>
    </ClInclude>
    <ClInclude Include="..\Classes\common\PPHeaders.h">
      <Filter>Classes\common</Filter>
    </ClInclude>
    <ClInclude Include="..\Classes\base\BaseScene.h">
      <Filter>Classes\base</Filter>
    </ClInclude>
    <ClInclude Include="..\Classes\common\VisibleRect.h">
      <Filter>Classes\common</Filter>
    </ClInclude>
    <ClInclude Include="..\Classes\base\PPSprite.h">
      <Filter>Classes\base</Filter>
    </ClInclude>
    <ClInclude Include="..\Classes\components\Hero.h">
      <Filter>Classes\components</Filter>
    </ClInclude>
    <ClInclude Include="..\Classes\components\Bullet.h">
      <Filter>Classes\components</Filter>
    </ClInclude>
  </ItemGroup>
</Project>